
Microsoft Visual Studio Solution File, Format Version 12.00
# Visual Studio Version 16
VisualStudioVersion = 16.0.31005.135
MinimumVisualStudioVersion = 10.0.40219.1
Project("{FAE04EC0-301F-11D3-BF4B-00C04F79EFBC}") = "CryptoUtility", "CryptoUtility\CryptoUtility.csproj", "{CCAED1F9-A709-49CD-8C44-896D5E9B6699}"
EndProject
Project("{FAE04EC0-301F-11D3-BF4B-00C04F79EFBC}") = "NUnitTest", "NUnitTest\NUnitTest.csproj", "{7EE4B5B8-2798-49FB-A221-92E7EF91BFD2}"
EndProject
Global
	GlobalSection(SolutionConfigurationPlatforms) = preSolution
		Debug|Any CPU = Debug|Any CPU
		Release|Any CPU = Release|Any CPU
	EndGlobalSection
	GlobalSection(ProjectConfigurationPlatforms) = postSolution
		{CCAED1F9-A709-49CD-8C44-896D5E9B6699}.Debug|Any CPU.ActiveCfg = Debug|Any CPU
		{CCAED1F9-A709-49CD-8C44-896D5E9B6699}.Debug|Any CPU.Build.0 = Debug|Any CPU
		{CCAED1F9-A709-49CD-8C44-896D5E9B6699}.Release|Any CPU.ActiveCfg = Release|Any CPU
		{CCAED1F9-A709-49CD-8C44-896D5E9B6699}.Release|Any CPU.Build.0 = Release|Any CPU
		{7EE4B5B8-2798-49FB-A221-92E7EF91BFD2}.Debug|Any CPU.ActiveCfg = Debug|Any CPU
		{7EE4B5B8-2798-49FB-A221-92E7EF91BFD2}.Debug|Any CPU.Build.0 = Debug|Any CPU
		{7EE4B5B8-2798-49FB-A221-92E7EF91BFD2}.Release|Any CPU.ActiveCfg = Release|Any CPU
		{7EE4B5B8-2798-49FB-A221-92E7EF91BFD2}.Release|Any CPU.Build.0 = Release|Any CPU
	EndGlobalSection
	GlobalSection(SolutionProperties) = preSolution
		HideSolutionNode = FALSE
	EndGlobalSection
	GlobalSection(ExtensibilityGlobals) = postSolution
		SolutionGuid = {ECCF2C1D-4A6F-446C-9003-01BBE553AF1F}
	EndGlobalSection
EndGlobal
